
Microsoft Visual Studio Solution File, Format Version 12.00
# Visual Studio Version 17
VisualStudioVersion = 17.11.35327.3
MinimumVisualStudioVersion = 10.0.40219.1
Project("{FAE04EC0-301F-11D3-BF4B-00C04F79EFBC}") = "Ahora si", "Ahora si\Ahora si.csproj", "{97359382-5C75-4603-9468-4D24223E8A34}"
EndProject
Global
	GlobalSection(SolutionConfigurationPlatforms) = preSolution
		Debug|Any CPU = Debug|Any CPU
		Release|Any CPU = Release|Any CPU
	EndGlobalSection
	GlobalSection(ProjectConfigurationPlatforms) = postSolution
		{97359382-5C75-4603-9468-4D24223E8A34}.Debug|Any CPU.ActiveCfg = Debug|Any CPU
		{97359382-5C75-4603-9468-4D24223E8A34}.Debug|Any CPU.Build.0 = Debug|Any CPU
		{97359382-5C75-4603-9468-4D24223E8A34}.Release|Any CPU.ActiveCfg = Release|Any CPU
		{97359382-5C75-4603-9468-4D24223E8A34}.Release|Any CPU.Build.0 = Release|Any CPU
	EndGlobalSection
	GlobalSection(SolutionProperties) = preSolution
		HideSolutionNode = FALSE
	EndGlobalSection
	GlobalSection(ExtensibilityGlobals) = postSolution
		SolutionGuid = {16CC4EA6-E444-40BA-A2F4-B564E042D6F0}
	EndGlobalSection
EndGlobal
